{
  "lockfileVersion": 1,
  "configVersion": 0,
  "workspaces": {
    "": {
      "name": "kkp-saving-interest-calculation",
      "dependencies": {
        "d3": "7.9.0",
        "react": "19.2.4",
        "react-dom": "19.2.4",
        "tailwindcss": "4.2.1",
      },
      "devDependencies": {
        "@biomejs/biome": "2.3.10",
        "@kcconfigs/biome": "0.2.1",
        "@types/bun": "latest",
        "@types/d3": "7.4.3",
        "@types/react": "19.2.14",
        "@types/react-dom": "19.2.3",
        "bun-plugin-tailwind": "0.1.2",
      },
    },
  },
  "packages": {
    "@biomejs/biome": ["@biomejs/biome@2.3.10", "", { "optionalDependencies": { "@biomejs/cli-darwin-arm64": "2.3.10", "@biomejs/cli-darwin-x64": "2.3.10", "@biomejs/cli-linux-arm64": "2.3.10", "@biomejs/cli-linux-arm64-musl": "2.3.10", "@biomejs/cli-linux-x64": "2.3.10", "@biomejs/cli-linux-x64-musl": "2.3.10", "@biomejs/cli-win32-arm64": "2.3.10", "@biomejs/cli-win32-x64": "2.3.10" }, "bin": { "biome": "bin/biome" } }, "sha512-/uWSUd1MHX2fjqNLHNL6zLYWBbrJeG412/8H7ESuK8ewoRoMPUgHDebqKrPTx/5n6f17Xzqc9hdg3MEqA5hXnQ=="],

    "@biomejs/cli-darwin-arm64": ["@biomejs/cli-darwin-arm64@2.3.10", "", { "os": "darwin", "cpu": "arm64" }, "sha512-M6xUjtCVnNGFfK7HMNKa593nb7fwNm43fq1Mt71kpLpb+4mE7odO8W/oWVDyBVO4ackhresy1ZYO7OJcVo/B7w=="],

    "@biomejs/cli-darwin-x64": ["@biomejs/cli-darwin-x64@2.3.10", "", { "os": "darwin", "cpu": "x64" }, "sha512-Vae7+V6t/Avr8tVbFNjnFSTKZogZHFYl7MMH62P/J1kZtr0tyRQ9Fe0onjqjS2Ek9lmNLmZc/VR5uSekh+p1fg=="],

    "@biomejs/cli-linux-arm64": ["@biomejs/cli-linux-arm64@2.3.10", "", { "os": "linux", "cpu": "arm64" }, "sha512-hhPw2V3/EpHKsileVOFynuWiKRgFEV48cLe0eA+G2wO4SzlwEhLEB9LhlSrVeu2mtSn205W283LkX7Fh48CaxA=="],

    "@biomejs/cli-linux-arm64-musl": ["@biomejs/cli-linux-arm64-musl@2.3.10", "", { "os": "linux", "cpu": "arm64" }, "sha512-B9DszIHkuKtOH2IFeeVkQmSMVUjss9KtHaNXquYYWCjH8IstNgXgx5B0aSBQNr6mn4RcKKRQZXn9Zu1rM3O0/A=="],

    "@biomejs/cli-linux-x64": ["@biomejs/cli-linux-x64@2.3.10", "", { "os": "linux", "cpu": "x64" }, "sha512-wwAkWD1MR95u+J4LkWP74/vGz+tRrIQvr8kfMMJY8KOQ8+HMVleREOcPYsQX82S7uueco60L58Wc6M1I9WA9Dw=="],

    "@biomejs/cli-linux-x64-musl": ["@biomejs/cli-linux-x64-musl@2.3.10", "", { "os": "linux", "cpu": "x64" }, "sha512-QTfHZQh62SDFdYc2nfmZFuTm5yYb4eO1zwfB+90YxUumRCR171tS1GoTX5OD0wrv4UsziMPmrePMtkTnNyYG3g=="],

    "@biomejs/cli-win32-arm64": ["@biomejs/cli-win32-arm64@2.3.10", "", { "os": "win32", "cpu": "arm64" }, "sha512-o7lYc9n+CfRbHvkjPhm8s9FgbKdYZu5HCcGVMItLjz93EhgJ8AM44W+QckDqLA9MKDNFrR8nPbO4b73VC5kGGQ=="],

    "@biomejs/cli-win32-x64": ["@biomejs/cli-win32-x64@2.3.10", "", { "os": "win32", "cpu": "x64" }, "sha512-pHEFgq7dUEsKnqG9mx9bXihxGI49X+ar+UBrEIj3Wqj3UCZp1rNgV+OoyjFgcXsjCWpuEAF4VJdkZr3TrWdCbQ=="],

    "@kcconfigs/biome": ["@kcconfigs/biome@0.2.1", "", { "peerDependencies": { "@biomejs/biome": "^2.0.0" } }, "sha512-univ28TtwyS1OHwJ+wighVlf42d04F6IEfW3zdLrCW5iSw3PlB1sVl4tzrvDzO/IVypNMZnnEVchoGztW60q4Q=="],

    "@oven/bun-darwin-aarch64": ["@oven/bun-darwin-aarch64@1.3.10", "", { "os": "darwin", "cpu": "arm64" }, "sha512-PXgg5gqcS/rHwa1hF0JdM1y5TiyejVrMHoBmWY/DjtfYZoFTXie1RCFOkoG0b5diOOmUcuYarMpH7CSNTqwj+w=="],

    "@oven/bun-darwin-x64": ["@oven/bun-darwin-x64@1.3.10", "", { "os": "darwin", "cpu": "x64" }, "sha512-Nhssuh7GBpP5PiDSOl3+qnoIG7PJo+ec2oomDevnl9pRY6x6aD2gRt0JE+uf+A8Om2D6gjeHCxjEdrw5ZHE8mA=="],

    "@oven/bun-darwin-x64-baseline": ["@oven/bun-darwin-x64-baseline@1.3.10", "", { "os": "darwin", "cpu": "x64" }, "sha512-w1gaTlqU0IJCmJ1X+PGHkdNU1n8Gemx5YKkjhkJIguvFINXEBB5U1KG82QsT65Tk4KyNMfbLTlmy4giAvUoKfA=="],

    "@oven/bun-linux-aarch64": ["@oven/bun-linux-aarch64@1.3.10", "", { "os": "linux", "cpu": "arm64" }, "sha512-OUgPHfL6+PM2Q+tFZjcaycN3D7gdQdYlWnwMI31DXZKY1r4HINWk9aEz9t/rNaHg65edwNrt7dsv9TF7xK8xIA=="],

    "@oven/bun-linux-aarch64-musl": ["@oven/bun-linux-aarch64-musl@1.3.10", "", { "os": "linux", "cpu": "arm64" }, "sha512-Ui5pAgM7JE9MzHokF0VglRMkbak3lTisY4Mf1AZutPACXWgKJC5aGrgnHBfkl7QS6fEeYb0juy1q4eRznRHOsw=="],

    "@oven/bun-linux-x64": ["@oven/bun-linux-x64@1.3.10", "", { "os": "linux", "cpu": "x64" }, "sha512-bzUgYj/PIZziB/ZesIP9HUyfvh6Vlf3od+TrbTTyVEuCSMKzDPQVW/yEbRp0tcHO3alwiEXwJDrWrHAguXlgiQ=="],

    "@oven/bun-linux-x64-baseline": ["@oven/bun-linux-x64-baseline@1.3.10", "", { "os": "linux", "cpu": "x64" }, "sha512-oqvMDYpX6dGJO03HgO5bXuccEsH3qbdO3MaAiAlO4CfkBPLUXz3N0DDElg5hz0L6ktdDVKbQVE5lfe+LAUISQg=="],

    "@oven/bun-linux-x64-musl": ["@oven/bun-linux-x64-musl@1.3.10", "", { "os": "linux", "cpu": "x64" }, "sha512-poVXvOShekbexHq45b4MH/mRjQKwACAC8lHp3Tz/hEDuz0/20oncqScnmKwzhBPEpqJvydXficXfBYuSim8opw=="],

    "@oven/bun-linux-x64-musl-baseline": ["@oven/bun-linux-x64-musl-baseline@1.3.10", "", { "os": "linux", "cpu": "x64" }, "sha512-/hOZ6S1VsTX6vtbhWVL9aAnOrdpuO54mAGUWpTdMz7dFG5UBZ/VUEiK0pBkq9A1rlBk0GeD/6Y4NBFl8Ha7cRA=="],

    "@oven/bun-windows-aarch64": ["@oven/bun-windows-aarch64@1.3.10", "", { "os": "win32", "cpu": "arm64" }, "sha512-GXbz2swvN2DLw2dXZFeedMxSJtI64xQ9xp9Eg7Hjejg6mS2E4dP1xoQ2yAo2aZPi/2OBPAVaGzppI2q20XumHA=="],

    "@oven/bun-windows-x64": ["@oven/bun-windows-x64@1.3.10", "", { "os": "win32", "cpu": "x64" }, "sha512-qaS1In3yfC/Z/IGQriVmF8GWwKuNqiw7feTSJWaQhH5IbL6ENR+4wGNPniZSJFaM/SKUO0e/YCRdoVBvgU4C1g=="],

    "@oven/bun-windows-x64-baseline": ["@oven/bun-windows-x64-baseline@1.3.10", "", { "os": "win32", "cpu": "x64" }, "sha512-gh3UAHbUdDUG6fhLc1Csa4IGdtghue6U8oAIXWnUqawp6lwb3gOCRvp25IUnLF5vUHtgfMxuEUYV7YA2WxVutw=="],

    "@types/bun": ["@types/bun@1.3.3", "", { "dependencies": { "bun-types": "1.3.3" } }, "sha512-ogrKbJ2X5N0kWLLFKeytG0eHDleBYtngtlbu9cyBKFtNL3cnpDZkNdQj8flVf6WTZUX5ulI9AY1oa7ljhSrp+g=="],

    "@types/d3": ["@types/d3@7.4.3", "", { "dependencies": { "@types/d3-array": "*", "@types/d3-axis": "*", "@types/d3-brush": "*", "@types/d3-chord": "*", "@types/d3-color": "*", "@types/d3-contour": "*", "@types/d3-delaunay": "*", "@types/d3-dispatch": "*", "@types/d3-drag": "*", "@types/d3-dsv": "*", "@types/d3-ease": "*", "@types/d3-fetch": "*", "@types/d3-force": "*", "@types/d3-format": "*", "@types/d3-geo": "*", "@types/d3-hierarchy": "*", "@types/d3-interpolate": "*", "@types/d3-path": "*", "@types/d3-polygon": "*", "@types/d3-quadtree": "*", "@types/d3-random": "*", "@types/d3-scale": "*", "@types/d3-scale-chromatic": "*", "@types/d3-selection": "*", "@types/d3-shape": "*", "@types/d3-time": "*", "@types/d3-time-format": "*", "@types/d3-timer": "*", "@types/d3-transition": "*", "@types/d3-zoom": "*" } }, "sha512-lZXZ9ckh5R8uiFVt8ogUNf+pIrK4EsWrx2Np75WvF/eTpJ0FMHNhjXk8CKEx/+gpHbNQyJWehbFaTvqmHWB3ww=="],

    "@types/d3-array": ["@types/d3-array@3.2.2", "", {}, "sha512-hOLWVbm7uRza0BYXpIIW5pxfrKe0W+D5lrFiAEYR+pb6w3N2SwSMaJbXdUfSEv+dT4MfHBLtn5js0LAWaO6otw=="],

    "@types/d3-axis": ["@types/d3-axis@3.0.6", "", { "dependencies": { "@types/d3-selection": "*" } }, "sha512-pYeijfZuBd87T0hGn0FO1vQ/cgLk6E1ALJjfkC0oJ8cbwkZl3TpgS8bVBLZN+2jjGgg38epgxb2zmoGtSfvgMw=="],

    "@types/d3-brush": ["@types/d3-brush@3.0.6", "", { "dependencies": { "@types/d3-selection": "*" } }, "sha512-nH60IZNNxEcrh6L1ZSMNA28rj27ut/2ZmI3r96Zd+1jrZD++zD3LsMIjWlvg4AYrHn/Pqz4CF3veCxGjtbqt7A=="],

    "@types/d3-chord": ["@types/d3-chord@3.0.6", "", {}, "sha512-LFYWWd8nwfwEmTZG9PfQxd17HbNPksHBiJHaKuY1XeqscXacsS2tyoo6OdRsjf+NQYeB6XrNL3a25E3gH69lcg=="],

    "@types/d3-color": ["@types/d3-color@3.1.3", "", {}, "sha512-iO90scth9WAbmgv7ogoq57O9YpKmFBbmoEoCHDB2xMBY0+/KVrqAaCDyCE16dUspeOvIxFFRI+0sEtqDqy2b4A=="],

    "@types/d3-contour": ["@types/d3-contour@3.0.6", "", { "dependencies": { "@types/d3-array": "*", "@types/geojson": "*" } }, "sha512-BjzLgXGnCWjUSYGfH1cpdo41/hgdWETu4YxpezoztawmqsvCeep+8QGfiY6YbDvfgHz/DkjeIkkZVJavB4a3rg=="],

    "@types/d3-delaunay": ["@types/d3-delaunay@6.0.4", "", {}, "sha512-ZMaSKu4THYCU6sV64Lhg6qjf1orxBthaC161plr5KuPHo3CNm8DTHiLw/5Eq2b6TsNP0W0iJrUOFscY6Q450Hw=="],

    "@types/d3-dispatch": ["@types/d3-dispatch@3.0.7", "", {}, "sha512-5o9OIAdKkhN1QItV2oqaE5KMIiXAvDWBDPrD85e58Qlz1c1kI/J0NcqbEG88CoTwJrYe7ntUCVfeUl2UJKbWgA=="],

    "@types/d3-drag": ["@types/d3-drag@3.0.7", "", { "dependencies": { "@types/d3-selection": "*" } }, "sha512-HE3jVKlzU9AaMazNufooRJ5ZpWmLIoc90A37WU2JMmeq28w1FQqCZswHZ3xR+SuxYftzHq6WU6KJHvqxKzTxxQ=="],

    "@types/d3-dsv": ["@types/d3-dsv@3.0.7", "", {}, "sha512-n6QBF9/+XASqcKK6waudgL0pf/S5XHPPI8APyMLLUHd8NqouBGLsU8MgtO7NINGtPBtk9Kko/W4ea0oAspwh9g=="],

    "@types/d3-ease": ["@types/d3-ease@3.0.2", "", {}, "sha512-NcV1JjO5oDzoK26oMzbILE6HW7uVXOHLQvHshBUW4UMdZGfiY6v5BeQwh9a9tCzv+CeefZQHJt5SRgK154RtiA=="],

    "@types/d3-fetch": ["@types/d3-fetch@3.0.7", "", { "dependencies": { "@types/d3-dsv": "*" } }, "sha512-fTAfNmxSb9SOWNB9IoG5c8Hg6R+AzUHDRlsXsDZsNp6sxAEOP0tkP3gKkNSO/qmHPoBFTxNrjDprVHDQDvo5aA=="],

    "@types/d3-force": ["@types/d3-force@3.0.10", "", {}, "sha512-ZYeSaCF3p73RdOKcjj+swRlZfnYpK1EbaDiYICEEp5Q6sUiqFaFQ9qgoshp5CzIyyb/yD09kD9o2zEltCexlgw=="],

    "@types/d3-format": ["@types/d3-format@3.0.4", "", {}, "sha512-fALi2aI6shfg7vM5KiR1wNJnZ7r6UuggVqtDA+xiEdPZQwy/trcQaHnwShLuLdta2rTymCNpxYTiMZX/e09F4g=="],

    "@types/d3-geo": ["@types/d3-geo@3.1.0", "", { "dependencies": { "@types/geojson": "*" } }, "sha512-856sckF0oP/diXtS4jNsiQw/UuK5fQG8l/a9VVLeSouf1/PPbBE1i1W852zVwKwYCBkFJJB7nCFTbk6UMEXBOQ=="],

    "@types/d3-hierarchy": ["@types/d3-hierarchy@3.1.7", "", {}, "sha512-tJFtNoYBtRtkNysX1Xq4sxtjK8YgoWUNpIiUee0/jHGRwqvzYxkq0hGVbbOGSz+JgFxxRu4K8nb3YpG3CMARtg=="],

    "@types/d3-interpolate": ["@types/d3-interpolate@3.0.4", "", { "dependencies": { "@types/d3-color": "*" } }, "sha512-mgLPETlrpVV1YRJIglr4Ez47g7Yxjl1lj7YKsiMCb27VJH9W8NVM6Bb9d8kkpG/uAQS5AmbA48q2IAolKKo1MA=="],

    "@types/d3-path": ["@types/d3-path@3.1.1", "", {}, "sha512-VMZBYyQvbGmWyWVea0EHs/BwLgxc+MKi1zLDCONksozI4YJMcTt8ZEuIR4Sb1MMTE8MMW49v0IwI5+b7RmfWlg=="],

    "@types/d3-polygon": ["@types/d3-polygon@3.0.2", "", {}, "sha512-ZuWOtMaHCkN9xoeEMr1ubW2nGWsp4nIql+OPQRstu4ypeZ+zk3YKqQT0CXVe/PYqrKpZAi+J9mTs05TKwjXSRA=="],

    "@types/d3-quadtree": ["@types/d3-quadtree@3.0.6", "", {}, "sha512-oUzyO1/Zm6rsxKRHA1vH0NEDG58HrT5icx/azi9MF1TWdtttWl0UIUsjEQBBh+SIkrpd21ZjEv7ptxWys1ncsg=="],

    "@types/d3-random": ["@types/d3-random@3.0.3", "", {}, "sha512-Imagg1vJ3y76Y2ea0871wpabqp613+8/r0mCLEBfdtqC7xMSfj9idOnmBYyMoULfHePJyxMAw3nWhJxzc+LFwQ=="],

    "@types/d3-scale": ["@types/d3-scale@4.0.9", "", { "dependencies": { "@types/d3-time": "*" } }, "sha512-dLmtwB8zkAeO/juAMfnV+sItKjlsw2lKdZVVy6LRr0cBmegxSABiLEpGVmSJJ8O08i4+sGR6qQtb6WtuwJdvVw=="],

    "@types/d3-scale-chromatic": ["@types/d3-scale-chromatic@3.1.0", "", {}, "sha512-iWMJgwkK7yTRmWqRB5plb1kadXyQ5Sj8V/zYlFGMUBbIPKQScw+Dku9cAAMgJG+z5GYDoMjWGLVOvjghDEFnKQ=="],

    "@types/d3-selection": ["@types/d3-selection@3.0.11", "", {}, "sha512-bhAXu23DJWsrI45xafYpkQ4NtcKMwWnAC/vKrd2l+nxMFuvOT3XMYTIj2opv8vq8AO5Yh7Qac/nSeP/3zjTK0w=="],

    "@types/d3-shape": ["@types/d3-shape@3.1.7", "", { "dependencies": { "@types/d3-path": "*" } }, "sha512-VLvUQ33C+3J+8p+Daf+nYSOsjB4GXp19/S/aGo60m9h1v6XaxjiT82lKVWJCfzhtuZ3yD7i/TPeC/fuKLLOSmg=="],

    "@types/d3-time": ["@types/d3-time@3.0.4", "", {}, "sha512-yuzZug1nkAAaBlBBikKZTgzCeA+k1uy4ZFwWANOfKw5z5LRhV0gNA7gNkKm7HoK+HRN0wX3EkxGk0fpbWhmB7g=="],

    "@types/d3-time-format": ["@types/d3-time-format@4.0.3", "", {}, "sha512-5xg9rC+wWL8kdDj153qZcsJ0FWiFt0J5RB6LYUNZjwSnesfblqrI/bJ1wBdJ8OQfncgbJG5+2F+qfqnqyzYxyg=="],

    "@types/d3-timer": ["@types/d3-timer@3.0.2", "", {}, "sha512-Ps3T8E8dZDam6fUyNiMkekK3XUsaUEik+idO9/YjPtfj2qruF8tFBXS7XhtE4iIXBLxhmLjP3SXpLhVf21I9Lw=="],

    "@types/d3-transition": ["@types/d3-transition@3.0.9", "", { "dependencies": { "@types/d3-selection": "*" } }, "sha512-uZS5shfxzO3rGlu0cC3bjmMFKsXv+SmZZcgp0KD22ts4uGXp5EVYGzu/0YdwZeKmddhcAccYtREJKkPfXkZuCg=="],

    "@types/d3-zoom": ["@types/d3-zoom@3.0.8", "", { "dependencies": { "@types/d3-interpolate": "*", "@types/d3-selection": "*" } }, "sha512-iqMC4/YlFCSlO8+2Ii1GGGliCAY4XdeG748w5vQUbevlbDu0zSjH/+jojorQVBK/se0j6DUFNPBGSqD3YWYnDw=="],

    "@types/geojson": ["@types/geojson@7946.0.16", "", {}, "sha512-6C8nqWur3j98U6+lXDfTUWIfgvZU+EumvpHKcYjujKH7woYyLj2sUmff0tRhrqM7BohUw7Pz3ZB1jj2gW9Fvmg=="],

    "@types/node": ["@types/node@24.10.1", "", { "dependencies": { "undici-types": "~7.16.0" } }, "sha512-GNWcUTRBgIRJD5zj+Tq0fKOJ5XZajIiBroOF0yvj2bSU1WvNdYS/dn9UxwsujGW4JX06dnHyjV2y9rRaybH0iQ=="],

    "@types/react": ["@types/react@19.2.14", "", { "dependencies": { "csstype": "^3.2.2" } }, "sha512-ilcTH/UniCkMdtexkoCN0bI7pMcJDvmQFPvuPvmEaYA/NSfFTAgdUSLAoVjaRJm7+6PvcM+q1zYOwS4wTYMF9w=="],

    "@types/react-dom": ["@types/react-dom@19.2.3", "", { "peerDependencies": { "@types/react": "^19.2.0" } }, "sha512-jp2L/eY6fn+KgVVQAOqYItbF0VY/YApe5Mz2F0aykSO8gx31bYCZyvSeYxCHKvzHG5eZjc+zyaS5BrBWya2+kQ=="],

    "bun": ["bun@1.3.10", "", { "optionalDependencies": { "@oven/bun-darwin-aarch64": "1.3.10", "@oven/bun-darwin-x64": "1.3.10", "@oven/bun-darwin-x64-baseline": "1.3.10", "@oven/bun-linux-aarch64": "1.3.10", "@oven/bun-linux-aarch64-musl": "1.3.10", "@oven/bun-linux-x64": "1.3.10", "@oven/bun-linux-x64-baseline": "1.3.10", "@oven/bun-linux-x64-musl": "1.3.10", "@oven/bun-linux-x64-musl-baseline": "1.3.10", "@oven/bun-windows-aarch64": "1.3.10", "@oven/bun-windows-x64": "1.3.10", "@oven/bun-windows-x64-baseline": "1.3.10" }, "os": [ "linux", "win32", "darwin", ], "cpu": [ "x64", "arm64", ], "bin": { "bun": "bin/bun.exe", "bunx": "bin/bunx.exe" } }, "sha512-S/CXaXXIyA4CMjdMkYQ4T2YMqnAn4s0ysD3mlsY4bUiOCqGlv28zck4Wd4H4kpvbekx15S9mUeLQ7Uxd0tYTLA=="],

    "bun-plugin-tailwind": ["bun-plugin-tailwind@0.1.2", "", { "peerDependencies": { "bun": ">=1.0.0" } }, "sha512-41jNC1tZRSK3s1o7pTNrLuQG8kL/0vR/JgiTmZAJ1eHwe0w5j6HFPKeqEk0WAD13jfrUC7+ULuewFBBCoADPpg=="],

    "bun-types": ["bun-types@1.3.3", "", { "dependencies": { "@types/node": "*" } }, "sha512-z3Xwlg7j2l9JY27x5Qn3Wlyos8YAp0kKRlrePAOjgjMGS5IG6E7Jnlx736vH9UVI4wUICwwhC9anYL++XeOgTQ=="],

    "commander": ["commander@7.2.0", "", {}, "sha512-QrWXB+ZQSVPmIWIhtEO9H+gwHaMGYiF5ChvoJ+K9ZGHG/sVsa6yiesAD1GC/x46sET00Xlwo1u49RVVVzvcSkw=="],

    "csstype": ["csstype@3.2.3", "", {}, "sha512-z1HGKcYy2xA8AGQfwrn0PAy+PB7X/GSj3UVJW9qKyn43xWa+gl5nXmU4qqLMRzWVLFC8KusUX8T/0kCiOYpAIQ=="],

    "d3": ["d3@7.9.0", "", { "dependencies": { "d3-array": "3", "d3-axis": "3", "d3-brush": "3", "d3-chord": "3", "d3-color": "3", "d3-contour": "4", "d3-delaunay": "6", "d3-dispatch": "3", "d3-drag": "3", "d3-dsv": "3", "d3-ease": "3", "d3-fetch": "3", "d3-force": "3", "d3-format": "3", "d3-geo": "3", "d3-hierarchy": "3", "d3-interpolate": "3", "d3-path": "3", "d3-polygon": "3", "d3-quadtree": "3", "d3-random": "3", "d3-scale": "4", "d3-scale-chromatic": "3", "d3-selection": "3", "d3-shape": "3", "d3-time": "3", "d3-time-format": "4", "d3-timer": "3", "d3-transition": "3", "d3-zoom": "3" } }, "sha512-e1U46jVP+w7Iut8Jt8ri1YsPOvFpg46k+K8TpCb0P+zjCkjkPnV7WzfDJzMHy1LnA+wj5pLT1wjO901gLXeEhA=="],

    "d3-array": ["d3-array@3.2.4", "", { "dependencies": { "internmap": "1 - 2" } }, "sha512-tdQAmyA18i4J7wprpYq8ClcxZy3SC31QMeByyCFyRt7BVHdREQZ5lpzoe5mFEYZUWe+oq8HBvk9JjpibyEV4Jg=="],

    "d3-axis": ["d3-axis@3.0.0", "", {}, "sha512-IH5tgjV4jE/GhHkRV0HiVYPDtvfjHQlQfJHs0usq7M30XcSBvOotpmH1IgkcXsO/5gEQZD43B//fc7SRT5S+xw=="],

    "d3-brush": ["d3-brush@3.0.0", "", { "dependencies": { "d3-dispatch": "1 - 3", "d3-drag": "2 - 3", "d3-interpolate": "1 - 3", "d3-selection": "3", "d3-transition": "3" } }, "sha512-ALnjWlVYkXsVIGlOsuWH1+3udkYFI48Ljihfnh8FZPF2QS9o+PzGLBslO0PjzVoHLZ2KCVgAM8NVkXPJB2aNnQ=="],

    "d3-chord": ["d3-chord@3.0.1", "", { "dependencies": { "d3-path": "1 - 3" } }, "sha512-VE5S6TNa+j8msksl7HwjxMHDM2yNK3XCkusIlpX5kwauBfXuyLAtNg9jCp/iHH61tgI4sb6R/EIMWCqEIdjT/g=="],

    "d3-color": ["d3-color@3.1.0", "", {}, "sha512-zg/chbXyeBtMQ1LbD/WSoW2DpC3I0mpmPdW+ynRTj/x2DAWYrIY7qeZIHidozwV24m4iavr15lNwIwLxRmOxhA=="],

    "d3-contour": ["d3-contour@4.0.2", "", { "dependencies": { "d3-array": "^3.2.0" } }, "sha512-4EzFTRIikzs47RGmdxbeUvLWtGedDUNkTcmzoeyg4sP/dvCexO47AaQL7VKy/gul85TOxw+IBgA8US2xwbToNA=="],

    "d3-delaunay": ["d3-delaunay@6.0.4", "", { "dependencies": { "delaunator": "5" } }, "sha512-mdjtIZ1XLAM8bm/hx3WwjfHt6Sggek7qH043O8KEjDXN40xi3vx/6pYSVTwLjEgiXQTbvaouWKynLBiUZ6SK6A=="],

    "d3-dispatch": ["d3-dispatch@3.0.1", "", {}, "sha512-rzUyPU/S7rwUflMyLc1ETDeBj0NRuHKKAcvukozwhshr6g6c5d8zh4c2gQjY2bZ0dXeGLWc1PF174P2tVvKhfg=="],

    "d3-drag": ["d3-drag@3.0.0", "", { "dependencies": { "d3-dispatch": "1 - 3", "d3-selection": "3" } }, "sha512-pWbUJLdETVA8lQNJecMxoXfH6x+mO2UQo8rSmZ+QqxcbyA3hfeprFgIT//HW2nlHChWeIIMwS2Fq+gEARkhTkg=="],

    "d3-dsv": ["d3-dsv@3.0.1", "", { "dependencies": { "commander": "7", "iconv-lite": "0.6", "rw": "1" }, "bin": { "csv2json": "bin/dsv2json.js", "csv2tsv": "bin/dsv2dsv.js", "dsv2dsv": "bin/dsv2dsv.js", "dsv2json": "bin/dsv2json.js", "json2csv": "bin/json2dsv.js", "json2dsv": "bin/json2dsv.js", "json2tsv": "bin/json2dsv.js", "tsv2csv": "bin/dsv2dsv.js", "tsv2json": "bin/dsv2json.js" } }, "sha512-UG6OvdI5afDIFP9w4G0mNq50dSOsXHJaRE8arAS5o9ApWnIElp8GZw1Dun8vP8OyHOZ/QJUKUJwxiiCCnUwm+Q=="],

    "d3-ease": ["d3-ease@3.0.1", "", {}, "sha512-wR/XK3D3XcLIZwpbvQwQ5fK+8Ykds1ip7A2Txe0yxncXSdq1L9skcG7blcedkOX+ZcgxGAmLX1FrRGbADwzi0w=="],

    "d3-fetch": ["d3-fetch@3.0.1", "", { "dependencies": { "d3-dsv": "1 - 3" } }, "sha512-kpkQIM20n3oLVBKGg6oHrUchHM3xODkTzjMoj7aWQFq5QEM+R6E4WkzT5+tojDY7yjez8KgCBRoj4aEr99Fdqw=="],

    "d3-force": ["d3-force@3.0.0", "", { "dependencies": { "d3-dispatch": "1 - 3", "d3-quadtree": "1 - 3", "d3-timer": "1 - 3" } }, "sha512-zxV/SsA+U4yte8051P4ECydjD/S+qeYtnaIyAs9tgHCqfguma/aAQDjo85A9Z6EKhBirHRJHXIgJUlffT4wdLg=="],

    "d3-format": ["d3-format@3.1.0", "", {}, "sha512-YyUI6AEuY/Wpt8KWLgZHsIU86atmikuoOmCfommt0LYHiQSPjvX2AcFc38PX0CBpr2RCyZhjex+NS/LPOv6YqA=="],

    "d3-geo": ["d3-geo@3.1.1", "", { "dependencies": { "d3-array": "2.5.0 - 3" } }, "sha512-637ln3gXKXOwhalDzinUgY83KzNWZRKbYubaG+fGVuc/dxO64RRljtCTnf5ecMyE1RIdtqpkVcq0IbtU2S8j2Q=="],

    "d3-hierarchy": ["d3-hierarchy@3.1.2", "", {}, "sha512-FX/9frcub54beBdugHjDCdikxThEqjnR93Qt7PvQTOHxyiNCAlvMrHhclk3cD5VeAaq9fxmfRp+CnWw9rEMBuA=="],

    "d3-interpolate": ["d3-interpolate@3.0.1", "", { "dependencies": { "d3-color": "1 - 3" } }, "sha512-3bYs1rOD33uo8aqJfKP3JWPAibgw8Zm2+L9vBKEHJ2Rg+viTR7o5Mmv5mZcieN+FRYaAOWX5SJATX6k1PWz72g=="],

    "d3-path": ["d3-path@3.1.0", "", {}, "sha512-p3KP5HCf/bvjBSSKuXid6Zqijx7wIfNW+J/maPs+iwR35at5JCbLUT0LzF1cnjbCHWhqzQTIN2Jpe8pRebIEFQ=="],

    "d3-polygon": ["d3-polygon@3.0.1", "", {}, "sha512-3vbA7vXYwfe1SYhED++fPUQlWSYTTGmFmQiany/gdbiWgU/iEyQzyymwL9SkJjFFuCS4902BSzewVGsHHmHtXg=="],

    "d3-quadtree": ["d3-quadtree@3.0.1", "", {}, "sha512-04xDrxQTDTCFwP5H6hRhsRcb9xxv2RzkcsygFzmkSIOJy3PeRJP7sNk3VRIbKXcog561P9oU0/rVH6vDROAgUw=="],

    "d3-random": ["d3-random@3.0.1", "", {}, "sha512-FXMe9GfxTxqd5D6jFsQ+DJ8BJS4E/fT5mqqdjovykEB2oFbTMDVdg1MGFxfQW+FBOGoB++k8swBrgwSHT1cUXQ=="],

    "d3-scale": ["d3-scale@4.0.2", "", { "dependencies": { "d3-array": "2.10.0 - 3", "d3-format": "1 - 3", "d3-interpolate": "1.2.0 - 3", "d3-time": "2.1.1 - 3", "d3-time-format": "2 - 4" } }, "sha512-GZW464g1SH7ag3Y7hXjf8RoUuAFIqklOAq3MRl4OaWabTFJY9PN/E1YklhXLh+OQ3fM9yS2nOkCoS+WLZ6kvxQ=="],

    "d3-scale-chromatic": ["d3-scale-chromatic@3.1.0", "", { "dependencies": { "d3-color": "1 - 3", "d3-interpolate": "1 - 3" } }, "sha512-A3s5PWiZ9YCXFye1o246KoscMWqf8BsD9eRiJ3He7C9OBaxKhAd5TFCdEx/7VbKtxxTsu//1mMJFrEt572cEyQ=="],

    "d3-selection": ["d3-selection@3.0.0", "", {}, "sha512-fmTRWbNMmsmWq6xJV8D19U/gw/bwrHfNXxrIN+HfZgnzqTHp9jOmKMhsTUjXOJnZOdZY9Q28y4yebKzqDKlxlQ=="],

    "d3-shape": ["d3-shape@3.2.0", "", { "dependencies": { "d3-path": "^3.1.0" } }, "sha512-SaLBuwGm3MOViRq2ABk3eLoxwZELpH6zhl3FbAoJ7Vm1gofKx6El1Ib5z23NUEhF9AsGl7y+dzLe5Cw2AArGTA=="],

    "d3-time": ["d3-time@3.1.0", "", { "dependencies": { "d3-array": "2 - 3" } }, "sha512-VqKjzBLejbSMT4IgbmVgDjpkYrNWUYJnbCGo874u7MMKIWsILRX+OpX/gTk8MqjpT1A/c6HY2dCA77ZN0lkQ2Q=="],

    "d3-time-format": ["d3-time-format@4.1.0", "", { "dependencies": { "d3-time": "1 - 3" } }, "sha512-dJxPBlzC7NugB2PDLwo9Q8JiTR3M3e4/XANkreKSUxF8vvXKqm1Yfq4Q5dl8budlunRVlUUaDUgFt7eA8D6NLg=="],

    "d3-timer": ["d3-timer@3.0.1", "", {}, "sha512-ndfJ/JxxMd3nw31uyKoY2naivF+r29V+Lc0svZxe1JvvIRmi8hUsrMvdOwgS1o6uBHmiz91geQ0ylPP0aj1VUA=="],

    "d3-transition": ["d3-transition@3.0.1", "", { "dependencies": { "d3-color": "1 - 3", "d3-dispatch": "1 - 3", "d3-ease": "1 - 3", "d3-interpolate": "1 - 3", "d3-timer": "1 - 3" }, "peerDependencies": { "d3-selection": "2 - 3" } }, "sha512-ApKvfjsSR6tg06xrL434C0WydLr7JewBB3V+/39RMHsaXTOG0zmt/OAXeng5M5LBm0ojmxJrpomQVZ1aPvBL4w=="],

    "d3-zoom": ["d3-zoom@3.0.0", "", { "dependencies": { "d3-dispatch": "1 - 3", "d3-drag": "2 - 3", "d3-interpolate": "1 - 3", "d3-selection": "2 - 3", "d3-transition": "2 - 3" } }, "sha512-b8AmV3kfQaqWAuacbPuNbL6vahnOJflOhexLzMMNLga62+/nh0JzvJ0aO/5a5MVgUFGS7Hu1P9P03o3fJkDCyw=="],

    "delaunator": ["delaunator@5.0.1", "", { "dependencies": { "robust-predicates": "^3.0.2" } }, "sha512-8nvh+XBe96aCESrGOqMp/84b13H9cdKbG5P2ejQCh4d4sK9RL4371qou9drQjMhvnPmhWl5hnmqbEE0fXr9Xnw=="],

    "iconv-lite": ["iconv-lite@0.6.3", "", { "dependencies": { "safer-buffer": ">= 2.1.2 < 3.0.0" } }, "sha512-4fCk79wshMdzMp2rH06qWrJE4iolqLhCUH+OiuIgU++RB0+94NlDL81atO7GX55uUKueo0txHNtvEyI6D7WdMw=="],

    "internmap": ["internmap@2.0.3", "", {}, "sha512-5Hh7Y1wQbvY5ooGgPbDaL5iYLAPzMTUrjMulskHLH6wnv/A+1q5rgEaiuqEjB+oxGXIVZs1FF+R/KPN3ZSQYYg=="],

    "react": ["react@19.2.4", "", {}, "sha512-9nfp2hYpCwOjAN+8TZFGhtWEwgvWHXqESH8qT89AT/lWklpLON22Lc8pEtnpsZz7VmawabSU0gCjnj8aC0euHQ=="],

    "react-dom": ["react-dom@19.2.4", "", { "dependencies": { "scheduler": "^0.27.0" }, "peerDependencies": { "react": "^19.2.4" } }, "sha512-AXJdLo8kgMbimY95O2aKQqsz2iWi9jMgKJhRBAxECE4IFxfcazB2LmzloIoibJI3C12IlY20+KFaLv+71bUJeQ=="],

    "robust-predicates": ["robust-predicates@3.0.2", "", {}, "sha512-IXgzBWvWQwE6PrDI05OvmXUIruQTcoMDzRsOd5CDvHCVLcLHMTSYvOK5Cm46kWqlV3yAbuSpBZdJ5oP5OUoStg=="],

    "rw": ["rw@1.3.3", "", {}, "sha512-PdhdWy89SiZogBLaw42zdeqtRJ//zFd2PgQavcICDUgJT5oW10QCRKbJ6bg4r0/UY2M6BWd5tkxuGFRvCkgfHQ=="],

    "safer-buffer": ["safer-buffer@2.1.2", "", {}, "sha512-YZo3K82SD7Riyi0E1EQPojLz7kpepnSQI9IyPbHHg1XXXevb5dJI7tpyN2ADxGcQbHG7vcyRHk0cbwqcQriUtg=="],

    "scheduler": ["scheduler@0.27.0", "", {}, "sha512-eNv+WrVbKu1f3vbYJT/xtiF5syA5HPIMtf9IgY/nKg0sWqzAUEvqY/xm7OcZc/qafLx/iO9FgOmeSAp4v5ti/Q=="],

    "tailwindcss": ["tailwindcss@4.2.1", "", {}, "sha512-/tBrSQ36vCleJkAOsy9kbNTgaxvGbyOamC30PRePTQe/o1MFwEKHQk4Cn7BNGaPtjp+PuUrByJehM1hgxfq4sw=="],

    "undici-types": ["undici-types@7.16.0", "", {}, "sha512-Zz+aZWSj8LE6zoxD+xrjh4VfkIG8Ya6LvYkZqtUQGJPZjYl53ypCaUwWqo7eI0x66KBGeRo+mlBEkMSeSZ38Nw=="],
  }
}
